
Microsoft Visual Studio Solution File, Format Version 12.00
# Visual Studio Version 17
VisualStudioVersion = 17.7.34024.191
MinimumVisualStudioVersion = 10.0.40219.1
Project("{9A19103F-16F7-4668-BE54-9A1E7A4F7556}") = "BankingSystem.API", "BankingSystem.API\BankingSystem.API.csproj", "{2C700045-16B9-4906-807C-419A9AB27C1D}"
EndProject
Project("{9A19103F-16F7-4668-BE54-9A1E7A4F7556}") = "BankingSystem.API.Tests", "BankingSystem.API.Tests\BankingSystem.API.Tests.csproj", "{5C7407BD-7C0B-49A5-9DCA-FF58000133D7}"
EndProject
Project("{9A19103F-16F7-4668-BE54-9A1E7A4F7556}") = "BankingSystem.DataAccess", "BankingSystem.DataAccess\BankingSystem.DataAccess.csproj", "{EA651D53-871A-4BF0-8D49-4CB2A4D44E7C}"
EndProject
Project("{9A19103F-16F7-4668-BE54-9A1E7A4F7556}") = "BankingSystem.BusinessLogic", "BankingSystem.BusinessLogic\BankingSystem.BusinessLogic.csproj", "{54478A84-FA22-40B3-BC9C-003CB21B93A2}"
EndProject
Project("{9A19103F-16F7-4668-BE54-9A1E7A4F7556}") = "BankingSystem.Infrastructure", "BankingSystem.Infrastructure\BankingSystem.Infrastructure.csproj", "{4C028EB4-7B3A-4262-A58F-43285FFB5EA2}"
EndProject
Global
	GlobalSection(SolutionConfigurationPlatforms) = preSolution
		Debug|Any CPU = Debug|Any CPU
		Release|Any CPU = Release|Any CPU
	EndGlobalSection
	GlobalSection(ProjectConfigurationPlatforms) = postSolution
		{2C700045-16B9-4906-807C-419A9AB27C1D}.Debug|Any CPU.ActiveCfg = Debug|Any CPU
		{2C700045-16B9-4906-807C-419A9AB27C1D}.Debug|Any CPU.Build.0 = Debug|Any CPU
		{2C700045-16B9-4906-807C-419A9AB27C1D}.Release|Any CPU.ActiveCfg = Release|Any CPU
		{2C700045-16B9-4906-807C-419A9AB27C1D}.Release|Any CPU.Build.0 = Release|Any CPU
		{5C7407BD-7C0B-49A5-9DCA-FF58000133D7}.Debug|Any CPU.ActiveCfg = Debug|Any CPU
		{5C7407BD-7C0B-49A5-9DCA-FF58000133D7}.Debug|Any CPU.Build.0 = Debug|Any CPU
		{5C7407BD-7C0B-49A5-9DCA-FF58000133D7}.Release|Any CPU.ActiveCfg = Release|Any CPU
		{5C7407BD-7C0B-49A5-9DCA-FF58000133D7}.Release|Any CPU.Build.0 = Release|Any CPU
		{EA651D53-871A-4BF0-8D49-4CB2A4D44E7C}.Debug|Any CPU.ActiveCfg = Debug|Any CPU
		{EA651D53-871A-4BF0-8D49-4CB2A4D44E7C}.Debug|Any CPU.Build.0 = Debug|Any CPU
		{EA651D53-871A-4BF0-8D49-4CB2A4D44E7C}.Release|Any CPU.ActiveCfg = Release|Any CPU
		{EA651D53-871A-4BF0-8D49-4CB2A4D44E7C}.Release|Any CPU.Build.0 = Release|Any CPU
		{54478A84-FA22-40B3-BC9C-003CB21B93A2}.Debug|Any CPU.ActiveCfg = Debug|Any CPU
		{54478A84-FA22-40B3-BC9C-003CB21B93A2}.Debug|Any CPU.Build.0 = Debug|Any CPU
		{54478A84-FA22-40B3-BC9C-003CB21B93A2}.Release|Any CPU.ActiveCfg = Release|Any CPU
		{54478A84-FA22-40B3-BC9C-003CB21B93A2}.Release|Any CPU.Build.0 = Release|Any CPU
		{4C028EB4-7B3A-4262-A58F-43285FFB5EA2}.Debug|Any CPU.ActiveCfg = Debug|Any CPU
		{4C028EB4-7B3A-4262-A58F-43285FFB5EA2}.Debug|Any CPU.Build.0 = Debug|Any CPU
		{4C028EB4-7B3A-4262-A58F-43285FFB5EA2}.Release|Any CPU.ActiveCfg = Release|Any CPU
		{4C028EB4-7B3A-4262-A58F-43285FFB5EA2}.Release|Any CPU.Build.0 = Release|Any CPU
	EndGlobalSection
	GlobalSection(SolutionProperties) = preSolution
		HideSolutionNode = FALSE
	EndGlobalSection
	GlobalSection(ExtensibilityGlobals) = postSolution
		SolutionGuid = {73937BD4-0F0A-403A-B88D-3937664A0E16}
	EndGlobalSection
EndGlobal
